
Microsoft Visual Studio Solution File, Format Version 12.00
# Visual Studio Version 17
VisualStudioVersion = 17.11.35312.102
MinimumVisualStudioVersion = 10.0.40219.1
Project("{2150E333-8FDC-42A3-9474-1A3956D46DE8}") = "Task0", "Task0", "{7C9B3ED8-42C4-48F3-BCBD-4B3502E5D656}"
EndProject
Project("{FAE04EC0-301F-11D3-BF4B-00C04F79EFBC}") = "Tyuiu.ShmelevAV.Sprint6.Task0.V1.Lib", "Tyuiu.ShmelevAV.Sprint6.Task0.V1.Lib\Tyuiu.ShmelevAV.Sprint6.Task0.V1.Lib.csproj", "{59BE6F54-6698-4248-9D9F-506EEEBE5E36}"
EndProject
Project("{FAE04EC0-301F-11D3-BF4B-00C04F79EFBC}") = "Tyuiu.ShmelevAV.Sprint6.Task0.V1.Test", "Tyuiu.ShmelevAV.Sprint6.Task0.V1.Test\Tyuiu.ShmelevAV.Sprint6.Task0.V1.Test.csproj", "{37BC73E4-E8AE-40C4-BA0F-4D9A904F5B43}"
EndProject
Project("{FAE04EC0-301F-11D3-BF4B-00C04F79EFBC}") = "Tyuiu.ShmelevAV.Sprint6.Task0.V1", "Tyuiu.ShmelevAV.Sprint6.Task0.V1\Tyuiu.ShmelevAV.Sprint6.Task0.V1.csproj", "{CAAF533C-6763-4D2F-9351-A1E6532D0056}"
EndProject
Project("{2150E333-8FDC-42A3-9474-1A3956D46DE8}") = "Task1", "Task1", "{64948EC3-510B-4188-A7C0-0728181E930B}"
EndProject
Project("{FAE04EC0-301F-11D3-BF4B-00C04F79EFBC}") = "Tyuiu.ShmelevAV.Sprint6.Task1.V22", "Tyuiu.ShmelevAV.Sprint6.Task1.V22\Tyuiu.ShmelevAV.Sprint6.Task1.V22.csproj", "{24627D69-FE89-45CB-ABEF-C06FBBEC7299}"
EndProject
Project("{FAE04EC0-301F-11D3-BF4B-00C04F79EFBC}") = "Tyuiu.ShmelevAV.Sprint6.Task1.V22.Lib", "Tyuiu.ShmelevAV.Sprint6.Task1.V22.Lib\Tyuiu.ShmelevAV.Sprint6.Task1.V22.Lib.csproj", "{EC7D31EF-50EC-4030-8678-ED8991690067}"
EndProject
Project("{FAE04EC0-301F-11D3-BF4B-00C04F79EFBC}") = "Tyuiu.ShmelevAV.Sprint6.Task1.V22.Test", "Tyuiu.ShmelevAV.Sprint6.Task1.V22.Test\Tyuiu.ShmelevAV.Sprint6.Task1.V22.Test.csproj", "{5720A73B-1A9B-449B-8841-D9466A9B7290}"
EndProject
Project("{2150E333-8FDC-42A3-9474-1A3956D46DE8}") = "Task2", "Task2", "{4AB21C0F-F59F-4E59-AF93-9F58855E1D0F}"
EndProject
Project("{FAE04EC0-301F-11D3-BF4B-00C04F79EFBC}") = "Tyuiu.ShmelevAV.Sprint6.Task2.V20", "Tyuiu.ShmelevAV.Sprint6.Task2.V20\Tyuiu.ShmelevAV.Sprint6.Task2.V20.csproj", "{815A73DB-B536-421A-8CF7-093B70E93352}"
EndProject
Project("{FAE04EC0-301F-11D3-BF4B-00C04F79EFBC}") = "Tyuiu.ShmelevAV.Sprint6.Task2.V20.Lib", "Tyuiu.ShmelevAV.Sprint6.Task2.V20.Lib\Tyuiu.ShmelevAV.Sprint6.Task2.V20.Lib.csproj", "{0EF9F8F8-3C7A-403E-86B2-10C31EC848E2}"
EndProject
Project("{FAE04EC0-301F-11D3-BF4B-00C04F79EFBC}") = "Tyuiu.ShmelevAV.Sprint6.Task2.V20.Test", "Tyuiu.ShmelevAV.Sprint6.Task2.V20.Test\Tyuiu.ShmelevAV.Sprint6.Task2.V20.Test.csproj", "{812B5390-C8B3-4EAA-9AD9-9D48F69672D8}"
EndProject
Project("{2150E333-8FDC-42A3-9474-1A3956D46DE8}") = "Task3", "Task3", "{6081196A-9569-4BD5-87D8-63BDB66CCB83}"
EndProject
Project("{FAE04EC0-301F-11D3-BF4B-00C04F79EFBC}") = "Tyuiu.ShmelevAV.Sprint6.Task3.V15", "Tyuiu.ShmelevAV.Sprint6.Task3.V15\Tyuiu.ShmelevAV.Sprint6.Task3.V15.csproj", "{055FCFFC-4EAE-4B02-B550-5591367DF68C}"
EndProject
Project("{FAE04EC0-301F-11D3-BF4B-00C04F79EFBC}") = "Tyuiu.ShmelevAV.Sprint6.Task3.V15.Lib", "Tyuiu.ShmelevAV.Sprint6.Task3.V15.Lib\Tyuiu.ShmelevAV.Sprint6.Task3.V15.Lib.csproj", "{C3CE1F45-C02A-444C-A45F-03E9B20CD650}"
EndProject
Project("{FAE04EC0-301F-11D3-BF4B-00C04F79EFBC}") = "Tyuiu.ShmelevAV.Sprint6.Task3.V15.Test", "Tyuiu.ShmelevAV.Sprint6.Task3.V15.Test\Tyuiu.ShmelevAV.Sprint6.Task3.V15.Test.csproj", "{9A547859-7702-49F6-85EF-D15D09A9523F}"
EndProject
Project("{2150E333-8FDC-42A3-9474-1A3956D46DE8}") = "Task4", "Task4", "{0B4ED71F-AA5F-411B-B9C0-038773D31134}"
EndProject
Project("{FAE04EC0-301F-11D3-BF4B-00C04F79EFBC}") = "Tyuiu.ShmelevAV.Sprint6.Task4.V26.Lib", "Tyuiu.ShmelevAV.Sprint6.Task4.V26.Lib\Tyuiu.ShmelevAV.Sprint6.Task4.V26.Lib.csproj", "{7BE60065-B836-4664-9152-BEE313537424}"
EndProject
Project("{FAE04EC0-301F-11D3-BF4B-00C04F79EFBC}") = "Tyuiu.ShmelevAV.Sprint6.Task4.V26.Test", "Tyuiu.ShmelevAV.Sprint6.Task4.V26.Test\Tyuiu.ShmelevAV.Sprint6.Task4.V26.Test.csproj", "{94A79D04-6A54-486C-8672-394906FFF0E3}"
EndProject
Project("{FAE04EC0-301F-11D3-BF4B-00C04F79EFBC}") = "Tyuiu.ShmelevAV.Sprint6.Task4.V26", "Tyuiu.ShmelevAV.Sprint6.Task4.V26\Tyuiu.ShmelevAV.Sprint6.Task4.V26.csproj", "{6B3DF33E-BADC-45A1-B053-C3EE41AA8784}"
EndProject
Global
	GlobalSection(SolutionConfigurationPlatforms) = preSolution
		Debug|Any CPU = Debug|Any CPU
		Release|Any CPU = Release|Any CPU
	EndGlobalSection
	GlobalSection(ProjectConfigurationPlatforms) = postSolution
		{59BE6F54-6698-4248-9D9F-506EEEBE5E36}.Debug|Any CPU.ActiveCfg = Debug|Any CPU
		{59BE6F54-6698-4248-9D9F-506EEEBE5E36}.Debug|Any CPU.Build.0 = Debug|Any CPU
		{59BE6F54-6698-4248-9D9F-506EEEBE5E36}.Release|Any CPU.ActiveCfg = Release|Any CPU
		{59BE6F54-6698-4248-9D9F-506EEEBE5E36}.Release|Any CPU.Build.0 = Release|Any CPU
		{37BC73E4-E8AE-40C4-BA0F-4D9A904F5B43}.Debug|Any CPU.ActiveCfg = Debug|Any CPU
		{37BC73E4-E8AE-40C4-BA0F-4D9A904F5B43}.Debug|Any CPU.Build.0 = Debug|Any CPU
		{37BC73E4-E8AE-40C4-BA0F-4D9A904F5B43}.Release|Any CPU.ActiveCfg = Release|Any CPU
		{37BC73E4-E8AE-40C4-BA0F-4D9A904F5B43}.Release|Any CPU.Build.0 = Release|Any CPU
		{CAAF533C-6763-4D2F-9351-A1E6532D0056}.Debug|Any CPU.ActiveCfg = Debug|Any CPU
		{CAAF533C-6763-4D2F-9351-A1E6532D0056}.Debug|Any CPU.Build.0 = Debug|Any CPU
		{CAAF533C-6763-4D2F-9351-A1E6532D0056}.Release|Any CPU.ActiveCfg = Release|Any CPU
		{CAAF533C-6763-4D2F-9351-A1E6532D0056}.Release|Any CPU.Build.0 = Release|Any CPU
		{24627D69-FE89-45CB-ABEF-C06FBBEC7299}.Debug|Any CPU.ActiveCfg = Debug|Any CPU
		{24627D69-FE89-45CB-ABEF-C06FBBEC7299}.Debug|Any CPU.Build.0 = Debug|Any CPU
		{24627D69-FE89-45CB-ABEF-C06FBBEC7299}.Release|Any CPU.ActiveCfg = Release|Any CPU
		{24627D69-FE89-45CB-ABEF-C06FBBEC7299}.Release|Any CPU.Build.0 = Release|Any CPU
		{EC7D31EF-50EC-4030-8678-ED8991690067}.Debug|Any CPU.ActiveCfg = Debug|Any CPU
		{EC7D31EF-50EC-4030-8678-ED8991690067}.Debug|Any CPU.Build.0 = Debug|Any CPU
		{EC7D31EF-50EC-4030-8678-ED8991690067}.Release|Any CPU.ActiveCfg = Release|Any CPU
		{EC7D31EF-50EC-4030-8678-ED8991690067}.Release|Any CPU.Build.0 = Release|Any CPU
		{5720A73B-1A9B-449B-8841-D9466A9B7290}.Debug|Any CPU.ActiveCfg = Debug|Any CPU
		{5720A73B-1A9B-449B-8841-D9466A9B7290}.Debug|Any CPU.Build.0 = Debug|Any CPU
		{5720A73B-1A9B-449B-8841-D9466A9B7290}.Release|Any CPU.ActiveCfg = Release|Any CPU
		{5720A73B-1A9B-449B-8841-D9466A9B7290}.Release|Any CPU.Build.0 = Release|Any CPU
		{815A73DB-B536-421A-8CF7-093B70E93352}.Debug|Any CPU.ActiveCfg = Debug|Any CPU
		{815A73DB-B536-421A-8CF7-093B70E93352}.Debug|Any CPU.Build.0 = Debug|Any CPU
		{815A73DB-B536-421A-8CF7-093B70E93352}.Release|Any CPU.ActiveCfg = Release|Any CPU
		{815A73DB-B536-421A-8CF7-093B70E93352}.Release|Any CPU.Build.0 = Release|Any CPU
		{0EF9F8F8-3C7A-403E-86B2-10C31EC848E2}.Debug|Any CPU.ActiveCfg = Debug|Any CPU
		{0EF9F8F8-3C7A-403E-86B2-10C31EC848E2}.Debug|Any CPU.Build.0 = Debug|Any CPU
		{0EF9F8F8-3C7A-403E-86B2-10C31EC848E2}.Release|Any CPU.ActiveCfg = Release|Any CPU
		{0EF9F8F8-3C7A-403E-86B2-10C31EC848E2}.Release|Any CPU.Build.0 = Release|Any CPU
		{812B5390-C8B3-4EAA-9AD9-9D48F69672D8}.Debug|Any CPU.ActiveCfg = Debug|Any CPU
		{812B5390-C8B3-4EAA-9AD9-9D48F69672D8}.Debug|Any CPU.Build.0 = Debug|Any CPU
		{812B5390-C8B3-4EAA-9AD9-9D48F69672D8}.Release|Any CPU.ActiveCfg = Release|Any CPU
		{812B5390-C8B3-4EAA-9AD9-9D48F69672D8}.Release|Any CPU.Build.0 = Release|Any CPU
		{055FCFFC-4EAE-4B02-B550-5591367DF68C}.Debug|Any CPU.ActiveCfg = Debug|Any CPU
		{055FCFFC-4EAE-4B02-B550-5591367DF68C}.Debug|Any CPU.Build.0 = Debug|Any CPU
		{055FCFFC-4EAE-4B02-B550-5591367DF68C}.Release|Any CPU.ActiveCfg = Release|Any CPU
		{055FCFFC-4EAE-4B02-B550-5591367DF68C}.Release|Any CPU.Build.0 = Release|Any CPU
		{C3CE1F45-C02A-444C-A45F-03E9B20CD650}.Debug|Any CPU.ActiveCfg = Debug|Any CPU
		{C3CE1F45-C02A-444C-A45F-03E9B20CD650}.Debug|Any CPU.Build.0 = Debug|Any CPU
		{C3CE1F45-C02A-444C-A45F-03E9B20CD650}.Release|Any CPU.ActiveCfg = Release|Any CPU
		{C3CE1F45-C02A-444C-A45F-03E9B20CD650}.Release|Any CPU.Build.0 = Release|Any CPU
		{9A547859-7702-49F6-85EF-D15D09A9523F}.Debug|Any CPU.ActiveCfg = Debug|Any CPU
		{9A547859-7702-49F6-85EF-D15D09A9523F}.Debug|Any CPU.Build.0 = Debug|Any CPU
		{9A547859-7702-49F6-85EF-D15D09A9523F}.Release|Any CPU.ActiveCfg = Release|Any CPU
		{9A547859-7702-49F6-85EF-D15D09A9523F}.Release|Any CPU.Build.0 = Release|Any CPU
		{7BE60065-B836-4664-9152-BEE313537424}.Debug|Any CPU.ActiveCfg = Debug|Any CPU
		{7BE60065-B836-4664-9152-BEE313537424}.Debug|Any CPU.Build.0 = Debug|Any CPU
		{7BE60065-B836-4664-9152-BEE313537424}.Release|Any CPU.ActiveCfg = Release|Any CPU
		{7BE60065-B836-4664-9152-BEE313537424}.Release|Any CPU.Build.0 = Release|Any CPU
		{94A79D04-6A54-486C-8672-394906FFF0E3}.Debug|Any CPU.ActiveCfg = Debug|Any CPU
		{94A79D04-6A54-486C-8672-394906FFF0E3}.Debug|Any CPU.Build.0 = Debug|Any CPU
		{94A79D04-6A54-486C-8672-394906FFF0E3}.Release|Any CPU.ActiveCfg = Release|Any CPU
		{94A79D04-6A54-486C-8672-394906FFF0E3}.Release|Any CPU.Build.0 = Release|Any CPU
		{6B3DF33E-BADC-45A1-B053-C3EE41AA8784}.Debug|Any CPU.ActiveCfg = Debug|Any CPU
		{6B3DF33E-BADC-45A1-B053-C3EE41AA8784}.Debug|Any CPU.Build.0 = Debug|Any CPU
		{6B3DF33E-BADC-45A1-B053-C3EE41AA8784}.Release|Any CPU.ActiveCfg = Release|Any CPU
		{6B3DF33E-BADC-45A1-B053-C3EE41AA8784}.Release|Any CPU.Build.0 = Release|Any CPU
	EndGlobalSection
	GlobalSection(SolutionProperties) = preSolution
		HideSolutionNode = FALSE
	EndGlobalSection
	GlobalSection(NestedProjects) = preSolution
		{59BE6F54-6698-4248-9D9F-506EEEBE5E36} = {7C9B3ED8-42C4-48F3-BCBD-4B3502E5D656}
		{37BC73E4-E8AE-40C4-BA0F-4D9A904F5B43} = {7C9B3ED8-42C4-48F3-BCBD-4B3502E5D656}
		{CAAF533C-6763-4D2F-9351-A1E6532D0056} = {7C9B3ED8-42C4-48F3-BCBD-4B3502E5D656}
		{24627D69-FE89-45CB-ABEF-C06FBBEC7299} = {64948EC3-510B-4188-A7C0-0728181E930B}
		{EC7D31EF-50EC-4030-8678-ED8991690067} = {64948EC3-510B-4188-A7C0-0728181E930B}
		{5720A73B-1A9B-449B-8841-D9466A9B7290} = {64948EC3-510B-4188-A7C0-0728181E930B}
		{815A73DB-B536-421A-8CF7-093B70E93352} = {4AB21C0F-F59F-4E59-AF93-9F58855E1D0F}
		{0EF9F8F8-3C7A-403E-86B2-10C31EC848E2} = {4AB21C0F-F59F-4E59-AF93-9F58855E1D0F}
		{812B5390-C8B3-4EAA-9AD9-9D48F69672D8} = {4AB21C0F-F59F-4E59-AF93-9F58855E1D0F}
		{055FCFFC-4EAE-4B02-B550-5591367DF68C} = {6081196A-9569-4BD5-87D8-63BDB66CCB83}
		{C3CE1F45-C02A-444C-A45F-03E9B20CD650} = {6081196A-9569-4BD5-87D8-63BDB66CCB83}
		{9A547859-7702-49F6-85EF-D15D09A9523F} = {6081196A-9569-4BD5-87D8-63BDB66CCB83}
		{7BE60065-B836-4664-9152-BEE313537424} = {0B4ED71F-AA5F-411B-B9C0-038773D31134}
		{94A79D04-6A54-486C-8672-394906FFF0E3} = {0B4ED71F-AA5F-411B-B9C0-038773D31134}
		{6B3DF33E-BADC-45A1-B053-C3EE41AA8784} = {0B4ED71F-AA5F-411B-B9C0-038773D31134}
	EndGlobalSection
	GlobalSection(ExtensibilityGlobals) = postSolution
		SolutionGuid = {5B2AA6C5-DBB9-49B0-BF63-DD781188BA3B}
	EndGlobalSection
EndGlobal
